
Microsoft Visual Studio Solution File, Format Version 12.00
# Visual Studio Version 17
VisualStudioVersion = 17.4.33205.214
MinimumVisualStudioVersion = 10.0.40219.1
Project("{FAE04EC0-301F-11D3-BF4B-00C04F79EFBC}") = "CQRSMediatRExample", "CQRSMediatRExample\CQRSMediatRExample.csproj", "{411BDC0B-97FB-4792-94F2-0974B20DC90C}"
EndProject
Global
	GlobalSection(SolutionConfigurationPlatforms) = preSolution
		Debug|Any CPU = Debug|Any CPU
		Release|Any CPU = Release|Any CPU
	EndGlobalSection
	GlobalSection(ProjectConfigurationPlatforms) = postSolution
		{411BDC0B-97FB-4792-94F2-0974B20DC90C}.Debug|Any CPU.ActiveCfg = Debug|Any CPU
		{411BDC0B-97FB-4792-94F2-0974B20DC90C}.Debug|Any CPU.Build.0 = Debug|Any CPU
		{411BDC0B-97FB-4792-94F2-0974B20DC90C}.Release|Any CPU.ActiveCfg = Release|Any CPU
		{411BDC0B-97FB-4792-94F2-0974B20DC90C}.Release|Any CPU.Build.0 = Release|Any CPU
	EndGlobalSection
	GlobalSection(SolutionProperties) = preSolution
		HideSolutionNode = FALSE
	EndGlobalSection
	GlobalSection(ExtensibilityGlobals) = postSolution
		SolutionGuid = {0E24F40A-3EFC-4436-A2D1-16D71233741C}
	EndGlobalSection
EndGlobal
